
Microsoft Visual Studio Solution File, Format Version 12.00
# Visual Studio 15
VisualStudioVersion = 15.0.27004.2009
MinimumVisualStudioVersion = 10.0.40219.1
Project("{8BC9CEB8-8B4A-11D0-8D11-00A0C91BC942}") = "Snake_Game", "Snake_Game\Snake_Game.vcxproj", "{EBE28B4C-8DA7-46BE-9C0A-0F7EE76704EF}"
EndProject
Global
	GlobalSection(SolutionConfigurationPlatforms) = preSolution
		Debug|x64 = Debug|x64
		Debug|x86 = Debug|x86
		Release|x64 = Release|x64
		Release|x86 = Release|x86
	EndGlobalSection
	GlobalSection(ProjectConfigurationPlatforms) = postSolution
		{EBE28B4C-8DA7-46BE-9C0A-0F7EE76704EF}.Debug|x64.ActiveCfg = Debug|x64
		{EBE28B4C-8DA7-46BE-9C0A-0F7EE76704EF}.Debug|x64.Build.0 = Debug|x64
		{EBE28B4C-8DA7-46BE-9C0A-0F7EE76704EF}.Debug|x86.ActiveCfg = Debug|Win32
		{EBE28B4C-8DA7-46BE-9C0A-0F7EE76704EF}.Debug|x86.Build.0 = Debug|Win32
		{EBE28B4C-8DA7-46BE-9C0A-0F7EE76704EF}.Release|x64.ActiveCfg = Release|x64
		{EBE28B4C-8DA7-46BE-9C0A-0F7EE76704EF}.Release|x64.Build.0 = Release|x64
		{EBE28B4C-8DA7-46BE-9C0A-0F7EE76704EF}.Release|x86.ActiveCfg = Release|Win32
		{EBE28B4C-8DA7-46BE-9C0A-0F7EE76704EF}.Release|x86.Build.0 = Release|Win32
	EndGlobalSection
	GlobalSection(SolutionProperties) = preSolution
		HideSolutionNode = FALSE
	EndGlobalSection
	GlobalSection(ExtensibilityGlobals) = postSolution
		SolutionGuid = {E94E6E43-F6E3-4D4B-A369-7A3462CD02E3}
	EndGlobalSection
EndGlobal
